
Microsoft Visual Studio Solution File, Format Version 12.00
# Visual Studio Version 17
VisualStudioVersion = 17.11.35303.130
MinimumVisualStudioVersion = 10.0.40219.1
Project("{FAE04EC0-301F-11D3-BF4B-00C04F79EFBC}") = "Get_SetUyg", "Get_SetUyg.csproj", "{35808C65-2212-4B33-A805-72662BF2288A}"
EndProject
Global
	GlobalSection(SolutionConfigurationPlatforms) = preSolution
		Debug|Any CPU = Debug|Any CPU
		Release|Any CPU = Release|Any CPU
	EndGlobalSection
	GlobalSection(ProjectConfigurationPlatforms) = postSolution
		{35808C65-2212-4B33-A805-72662BF2288A}.Debug|Any CPU.ActiveCfg = Debug|Any CPU
		{35808C65-2212-4B33-A805-72662BF2288A}.Debug|Any CPU.Build.0 = Debug|Any CPU
		{35808C65-2212-4B33-A805-72662BF2288A}.Release|Any CPU.ActiveCfg = Release|Any CPU
		{35808C65-2212-4B33-A805-72662BF2288A}.Release|Any CPU.Build.0 = Release|Any CPU
	EndGlobalSection
	GlobalSection(SolutionProperties) = preSolution
		HideSolutionNode = FALSE
	EndGlobalSection
	GlobalSection(ExtensibilityGlobals) = postSolution
		SolutionGuid = {5CAB6149-23A8-47C2-9C27-6413ED7FF0BE}
	EndGlobalSection
EndGlobal
