
Microsoft Visual Studio Solution File, Format Version 12.00
# Visual Studio Version 17
VisualStudioVersion = 17.11.35303.130
MinimumVisualStudioVersion = 10.0.40219.1
Project("{FAE04EC0-301F-11D3-BF4B-00C04F79EFBC}") = "Hesap-Makinesi", "Hesap-Makinesi.csproj", "{E124BAC1-1C51-429D-B39F-F8504DAD90A5}"
EndProject
Global
	GlobalSection(SolutionConfigurationPlatforms) = preSolution
		Debug|Any CPU = Debug|Any CPU
		Release|Any CPU = Release|Any CPU
	EndGlobalSection
	GlobalSection(ProjectConfigurationPlatforms) = postSolution
		{E124BAC1-1C51-429D-B39F-F8504DAD90A5}.Debug|Any CPU.ActiveCfg = Debug|Any CPU
		{E124BAC1-1C51-429D-B39F-F8504DAD90A5}.Debug|Any CPU.Build.0 = Debug|Any CPU
		{E124BAC1-1C51-429D-B39F-F8504DAD90A5}.Release|Any CPU.ActiveCfg = Release|Any CPU
		{E124BAC1-1C51-429D-B39F-F8504DAD90A5}.Release|Any CPU.Build.0 = Release|Any CPU
	EndGlobalSection
	GlobalSection(SolutionProperties) = preSolution
		HideSolutionNode = FALSE
	EndGlobalSection
	GlobalSection(ExtensibilityGlobals) = postSolution
		SolutionGuid = {364FF744-C5EF-46D1-A5A1-F87F435CA382}
	EndGlobalSection
EndGlobal
