
Microsoft Visual Studio Solution File, Format Version 12.00
# Visual Studio Version 17
VisualStudioVersion = 17.11.35303.130
MinimumVisualStudioVersion = 10.0.40219.1
Project("{FAE04EC0-301F-11D3-BF4B-00C04F79EFBC}") = "Sınıf-Kademesi", "Sınıf-Kademesi.csproj", "{2A3900AE-3B67-4898-B666-96E0075B253D}"
EndProject
Global
	GlobalSection(SolutionConfigurationPlatforms) = preSolution
		Debug|Any CPU = Debug|Any CPU
		Release|Any CPU = Release|Any CPU
	EndGlobalSection
	GlobalSection(ProjectConfigurationPlatforms) = postSolution
		{2A3900AE-3B67-4898-B666-96E0075B253D}.Debug|Any CPU.ActiveCfg = Debug|Any CPU
		{2A3900AE-3B67-4898-B666-96E0075B253D}.Debug|Any CPU.Build.0 = Debug|Any CPU
		{2A3900AE-3B67-4898-B666-96E0075B253D}.Release|Any CPU.ActiveCfg = Release|Any CPU
		{2A3900AE-3B67-4898-B666-96E0075B253D}.Release|Any CPU.Build.0 = Release|Any CPU
	EndGlobalSection
	GlobalSection(SolutionProperties) = preSolution
		HideSolutionNode = FALSE
	EndGlobalSection
	GlobalSection(ExtensibilityGlobals) = postSolution
		SolutionGuid = {45DCC4F9-E5B8-4A22-A94E-21378FFB6DCA}
	EndGlobalSection
EndGlobal
