
Microsoft Visual Studio Solution File, Format Version 12.00
# Visual Studio Version 17
VisualStudioVersion = 17.11.35303.130
MinimumVisualStudioVersion = 10.0.40219.1
Project("{FAE04EC0-301F-11D3-BF4B-00C04F79EFBC}") = "Do-While", "Do-While.csproj", "{3A88079E-9218-44E2-9755-81AC073D1C76}"
EndProject
Global
	GlobalSection(SolutionConfigurationPlatforms) = preSolution
		Debug|Any CPU = Debug|Any CPU
		Release|Any CPU = Release|Any CPU
	EndGlobalSection
	GlobalSection(ProjectConfigurationPlatforms) = postSolution
		{3A88079E-9218-44E2-9755-81AC073D1C76}.Debug|Any CPU.ActiveCfg = Debug|Any CPU
		{3A88079E-9218-44E2-9755-81AC073D1C76}.Debug|Any CPU.Build.0 = Debug|Any CPU
		{3A88079E-9218-44E2-9755-81AC073D1C76}.Release|Any CPU.ActiveCfg = Release|Any CPU
		{3A88079E-9218-44E2-9755-81AC073D1C76}.Release|Any CPU.Build.0 = Release|Any CPU
	EndGlobalSection
	GlobalSection(SolutionProperties) = preSolution
		HideSolutionNode = FALSE
	EndGlobalSection
	GlobalSection(ExtensibilityGlobals) = postSolution
		SolutionGuid = {92DCE894-57E5-4FB9-AA94-3A4F9C6EFF2C}
	EndGlobalSection
EndGlobal
