
Microsoft Visual Studio Solution File, Format Version 12.00
# Visual Studio Version 17
VisualStudioVersion = 17.11.35303.130
MinimumVisualStudioVersion = 10.0.40219.1
Project("{FAE04EC0-301F-11D3-BF4B-00C04F79EFBC}") = "Properties-Telefon", "Properties-Telefon.csproj", "{7B7F0282-2D78-4F25-88B0-2FA9A16D1238}"
EndProject
Global
	GlobalSection(SolutionConfigurationPlatforms) = preSolution
		Debug|Any CPU = Debug|Any CPU
		Release|Any CPU = Release|Any CPU
	EndGlobalSection
	GlobalSection(ProjectConfigurationPlatforms) = postSolution
		{7B7F0282-2D78-4F25-88B0-2FA9A16D1238}.Debug|Any CPU.ActiveCfg = Debug|Any CPU
		{7B7F0282-2D78-4F25-88B0-2FA9A16D1238}.Debug|Any CPU.Build.0 = Debug|Any CPU
		{7B7F0282-2D78-4F25-88B0-2FA9A16D1238}.Release|Any CPU.ActiveCfg = Release|Any CPU
		{7B7F0282-2D78-4F25-88B0-2FA9A16D1238}.Release|Any CPU.Build.0 = Release|Any CPU
	EndGlobalSection
	GlobalSection(SolutionProperties) = preSolution
		HideSolutionNode = FALSE
	EndGlobalSection
	GlobalSection(ExtensibilityGlobals) = postSolution
		SolutionGuid = {AE26C3EB-E551-4985-AFFB-EEA01951CF20}
	EndGlobalSection
EndGlobal
