
Microsoft Visual Studio Solution File, Format Version 12.00
# Visual Studio Version 17
VisualStudioVersion = 17.11.35303.130
MinimumVisualStudioVersion = 10.0.40219.1
Project("{FAE04EC0-301F-11D3-BF4B-00C04F79EFBC}") = "StackUygg", "StackUygg.csproj", "{ED28733D-1023-4781-9513-E1235F7F462B}"
EndProject
Global
	GlobalSection(SolutionConfigurationPlatforms) = preSolution
		Debug|Any CPU = Debug|Any CPU
		Release|Any CPU = Release|Any CPU
	EndGlobalSection
	GlobalSection(ProjectConfigurationPlatforms) = postSolution
		{ED28733D-1023-4781-9513-E1235F7F462B}.Debug|Any CPU.ActiveCfg = Debug|Any CPU
		{ED28733D-1023-4781-9513-E1235F7F462B}.Debug|Any CPU.Build.0 = Debug|Any CPU
		{ED28733D-1023-4781-9513-E1235F7F462B}.Release|Any CPU.ActiveCfg = Release|Any CPU
		{ED28733D-1023-4781-9513-E1235F7F462B}.Release|Any CPU.Build.0 = Release|Any CPU
	EndGlobalSection
	GlobalSection(SolutionProperties) = preSolution
		HideSolutionNode = FALSE
	EndGlobalSection
	GlobalSection(ExtensibilityGlobals) = postSolution
		SolutionGuid = {72517E61-7E57-4ACC-93D3-41B6311D4A94}
	EndGlobalSection
EndGlobal
