
Microsoft Visual Studio Solution File, Format Version 12.00
# Visual Studio Version 17
VisualStudioVersion = 17.11.35303.130
MinimumVisualStudioVersion = 10.0.40219.1
Project("{FAE04EC0-301F-11D3-BF4B-00C04F79EFBC}") = "Rastgele_Dizi_Oluşturma", "Rastgele_Dizi_Oluşturma.csproj", "{37E460C4-EB35-42F4-BB3C-A1B970C37371}"
EndProject
Global
	GlobalSection(SolutionConfigurationPlatforms) = preSolution
		Debug|Any CPU = Debug|Any CPU
		Release|Any CPU = Release|Any CPU
	EndGlobalSection
	GlobalSection(ProjectConfigurationPlatforms) = postSolution
		{37E460C4-EB35-42F4-BB3C-A1B970C37371}.Debug|Any CPU.ActiveCfg = Debug|Any CPU
		{37E460C4-EB35-42F4-BB3C-A1B970C37371}.Debug|Any CPU.Build.0 = Debug|Any CPU
		{37E460C4-EB35-42F4-BB3C-A1B970C37371}.Release|Any CPU.ActiveCfg = Release|Any CPU
		{37E460C4-EB35-42F4-BB3C-A1B970C37371}.Release|Any CPU.Build.0 = Release|Any CPU
	EndGlobalSection
	GlobalSection(SolutionProperties) = preSolution
		HideSolutionNode = FALSE
	EndGlobalSection
	GlobalSection(ExtensibilityGlobals) = postSolution
		SolutionGuid = {00E31FEC-0C76-4694-A1BB-4F1AA2701DF1}
	EndGlobalSection
EndGlobal
