
Microsoft Visual Studio Solution File, Format Version 12.00
# Visual Studio Version 17
VisualStudioVersion = 17.11.35303.130
MinimumVisualStudioVersion = 10.0.40219.1
Project("{FAE04EC0-301F-11D3-BF4B-00C04F79EFBC}") = "Skor-Hesaplama", "Skor-Hesaplama.csproj", "{F03A8185-B6C0-4EAF-AC26-32C992B176C6}"
EndProject
Global
	GlobalSection(SolutionConfigurationPlatforms) = preSolution
		Debug|Any CPU = Debug|Any CPU
		Release|Any CPU = Release|Any CPU
	EndGlobalSection
	GlobalSection(ProjectConfigurationPlatforms) = postSolution
		{F03A8185-B6C0-4EAF-AC26-32C992B176C6}.Debug|Any CPU.ActiveCfg = Debug|Any CPU
		{F03A8185-B6C0-4EAF-AC26-32C992B176C6}.Debug|Any CPU.Build.0 = Debug|Any CPU
		{F03A8185-B6C0-4EAF-AC26-32C992B176C6}.Release|Any CPU.ActiveCfg = Release|Any CPU
		{F03A8185-B6C0-4EAF-AC26-32C992B176C6}.Release|Any CPU.Build.0 = Release|Any CPU
	EndGlobalSection
	GlobalSection(SolutionProperties) = preSolution
		HideSolutionNode = FALSE
	EndGlobalSection
	GlobalSection(ExtensibilityGlobals) = postSolution
		SolutionGuid = {9F88232E-2B8C-474E-ADC3-DE9AC8EB4155}
	EndGlobalSection
EndGlobal
