
Microsoft Visual Studio Solution File, Format Version 12.00
# Visual Studio Version 17
VisualStudioVersion = 17.11.35303.130
MinimumVisualStudioVersion = 10.0.40219.1
Project("{FAE04EC0-301F-11D3-BF4B-00C04F79EFBC}") = "Buyuk-Sayı-Class", "Buyuk-Sayı-Class.csproj", "{20B5E266-46FC-4CE6-8AAC-2E278B0B5828}"
EndProject
Global
	GlobalSection(SolutionConfigurationPlatforms) = preSolution
		Debug|Any CPU = Debug|Any CPU
		Release|Any CPU = Release|Any CPU
	EndGlobalSection
	GlobalSection(ProjectConfigurationPlatforms) = postSolution
		{20B5E266-46FC-4CE6-8AAC-2E278B0B5828}.Debug|Any CPU.ActiveCfg = Debug|Any CPU
		{20B5E266-46FC-4CE6-8AAC-2E278B0B5828}.Debug|Any CPU.Build.0 = Debug|Any CPU
		{20B5E266-46FC-4CE6-8AAC-2E278B0B5828}.Release|Any CPU.ActiveCfg = Release|Any CPU
		{20B5E266-46FC-4CE6-8AAC-2E278B0B5828}.Release|Any CPU.Build.0 = Release|Any CPU
	EndGlobalSection
	GlobalSection(SolutionProperties) = preSolution
		HideSolutionNode = FALSE
	EndGlobalSection
	GlobalSection(ExtensibilityGlobals) = postSolution
		SolutionGuid = {3A373682-D162-4E72-9496-E702E2580EF9}
	EndGlobalSection
EndGlobal
