
Microsoft Visual Studio Solution File, Format Version 12.00
# Visual Studio Version 17
VisualStudioVersion = 17.11.35303.130
MinimumVisualStudioVersion = 10.0.40219.1
Project("{FAE04EC0-301F-11D3-BF4B-00C04F79EFBC}") = "hhashtableUygg", "hhashtableUygg.csproj", "{6BE2E928-2BF2-400A-8615-AEA22D6366B7}"
EndProject
Global
	GlobalSection(SolutionConfigurationPlatforms) = preSolution
		Debug|Any CPU = Debug|Any CPU
		Release|Any CPU = Release|Any CPU
	EndGlobalSection
	GlobalSection(ProjectConfigurationPlatforms) = postSolution
		{6BE2E928-2BF2-400A-8615-AEA22D6366B7}.Debug|Any CPU.ActiveCfg = Debug|Any CPU
		{6BE2E928-2BF2-400A-8615-AEA22D6366B7}.Debug|Any CPU.Build.0 = Debug|Any CPU
		{6BE2E928-2BF2-400A-8615-AEA22D6366B7}.Release|Any CPU.ActiveCfg = Release|Any CPU
		{6BE2E928-2BF2-400A-8615-AEA22D6366B7}.Release|Any CPU.Build.0 = Release|Any CPU
	EndGlobalSection
	GlobalSection(SolutionProperties) = preSolution
		HideSolutionNode = FALSE
	EndGlobalSection
	GlobalSection(ExtensibilityGlobals) = postSolution
		SolutionGuid = {F96184FD-B550-4C77-82AE-6481B9E6A2A0}
	EndGlobalSection
EndGlobal
